// !$*UTF8*$!
{
	archiveVersion = 1;
	classes = {
	};
	objectVersion = 46;
	objects = {

/* Begin PBXBuildFile section */
		2E043C7877E23F2BDC4ACCC1 /* libPods.a in Frameworks */ = {isa = PBXBuildFile; fileRef = 358B55F3BE49DAFF51DF6E64 /* libPods.a */; };
		3E0208F51B9DDC0800672A32 /* Recipe.swift in Sources */ = {isa = PBXBuildFile; fileRef = 3E0208F41B9DDC0800672A32 /* Recipe.swift */; settings = {ASSET_TAGS = (); }; };
		3E060D431B95988400C71B5F /* AppDefaults.swift in Sources */ = {isa = PBXBuildFile; fileRef = 3E060D421B95988400C71B5F /* AppDefaults.swift */; settings = {ASSET_TAGS = (); }; };
		3E060D451B95DD0500C71B5F /* UIImage+Helper.swift in Sources */ = {isa = PBXBuildFile; fileRef = 3E060D441B95DD0500C71B5F /* UIImage+Helper.swift */; settings = {ASSET_TAGS = (); }; };
		3E10E3581B91EC1D00AA3F52 /* AppDelegate.swift in Sources */ = {isa = PBXBuildFile; fileRef = 3E10E3571B91EC1D00AA3F52 /* AppDelegate.swift */; };
		3E10E35D1B91EC1D00AA3F52 /* Main.storyboard in Resources */ = {isa = PBXBuildFile; fileRef = 3E10E35B1B91EC1D00AA3F52 /* Main.storyboard */; };
		3E10E3621B91EC1D00AA3F52 /* Assets.xcassets in Resources */ = {isa = PBXBuildFile; fileRef = 3E10E3611B91EC1D00AA3F52 /* Assets.xcassets */; };
		3E10E3651B91EC1D00AA3F52 /* LaunchScreen.storyboard in Resources */ = {isa = PBXBuildFile; fileRef = 3E10E3631B91EC1D00AA3F52 /* LaunchScreen.storyboard */; };
		3E10E3701B91EC1D00AA3F52 /* RecipesTests.swift in Sources */ = {isa = PBXBuildFile; fileRef = 3E10E36F1B91EC1D00AA3F52 /* RecipesTests.swift */; };
		3E264B151B92F29100298796 /* RecipesViewController.swift in Sources */ = {isa = PBXBuildFile; fileRef = 3E264B141B92F29100298796 /* RecipesViewController.swift */; settings = {ASSET_TAGS = (); }; };
		3E7D617E1B93231200A8386E /* RecipeTableViewCell.swift in Sources */ = {isa = PBXBuildFile; fileRef = 3E7D617D1B93231200A8386E /* RecipeTableViewCell.swift */; settings = {ASSET_TAGS = (); }; };
		3E7D61801B9417F800A8386E /* RecipesSearchViewController.swift in Sources */ = {isa = PBXBuildFile; fileRef = 3E7D617F1B9417F800A8386E /* RecipesSearchViewController.swift */; settings = {ASSET_TAGS = (); }; };
		3E7D61831B9424DD00A8386E /* RecipeSearchTableViewCell.swift in Sources */ = {isa = PBXBuildFile; fileRef = 3E7D61821B9424DD00A8386E /* RecipeSearchTableViewCell.swift */; settings = {ASSET_TAGS = (); }; };
		3E7D61861B9441DF00A8386E /* RecipePhotoTableViewCell.swift in Sources */ = {isa = PBXBuildFile; fileRef = 3E7D61851B9441DF00A8386E /* RecipePhotoTableViewCell.swift */; settings = {ASSET_TAGS = (); }; };
		3E7D61881B94434100A8386E /* RecipeDescriptionTableViewCell.swift in Sources */ = {isa = PBXBuildFile; fileRef = 3E7D61871B94434100A8386E /* RecipeDescriptionTableViewCell.swift */; settings = {ASSET_TAGS = (); }; };
		3E7D618A1B94434E00A8386E /* RecipeModifierViewController.swift in Sources */ = {isa = PBXBuildFile; fileRef = 3E7D61891B94434E00A8386E /* RecipeModifierViewController.swift */; settings = {ASSET_TAGS = (); }; };
		3E7D618C1B944F5500A8386E /* RecipeInstructionTableViewCell.swift in Sources */ = {isa = PBXBuildFile; fileRef = 3E7D618B1B944F5500A8386E /* RecipeInstructionTableViewCell.swift */; settings = {ASSET_TAGS = (); }; };
		3E7D618E1B944FEE00A8386E /* RecipeCookingLevelTableViewCell.swift in Sources */ = {isa = PBXBuildFile; fileRef = 3E7D618D1B944FEE00A8386E /* RecipeCookingLevelTableViewCell.swift */; settings = {ASSET_TAGS = (); }; };
		3E8D06DD1B9DE99F00F5D56D /* RecipeApi.swift in Sources */ = {isa = PBXBuildFile; fileRef = 3E8D06DC1B9DE99F00F5D56D /* RecipeApi.swift */; settings = {ASSET_TAGS = (); }; };
		3EB7B7611B95840300DBF9C1 /* UITableViewCell+Helper.swift in Sources */ = {isa = PBXBuildFile; fileRef = 3EB7B7601B95840300DBF9C1 /* UITableViewCell+Helper.swift */; settings = {ASSET_TAGS = (); }; };
/* End PBXBuildFile section */

/* Begin PBXContainerItemProxy section */
		3E10E36C1B91EC1D00AA3F52 /* PBXContainerItemProxy */ = {
			isa = PBXContainerItemProxy;
			containerPortal = 3E10E34C1B91EC1D00AA3F52 /* Project object */;
			proxyType = 1;
			remoteGlobalIDString = 3E10E3531B91EC1D00AA3F52;
			remoteInfo = Recipes;
		};
/* End PBXContainerItemProxy section */

/* Begin PBXFileReference section */
		358B55F3BE49DAFF51DF6E64 /* libPods.a */ = {isa = PBXFileReference; explicitFileType = archive.ar; includeInIndex = 0; path = libPods.a; sourceTree = BUILT_PRODUCTS_DIR; };
		366B3D9315F80C1611DA3621 /* Pods.release.xcconfig */ = {isa = PBXFileReference; includeInIndex = 1; lastKnownFileType = text.xcconfig; name = Pods.release.xcconfig; path = "Pods/Target Support Files/Pods/Pods.release.xcconfig"; sourceTree = "<group>"; };
		3E0208F41B9DDC0800672A32 /* Recipe.swift */ = {isa = PBXFileReference; fileEncoding = 4; lastKnownFileType = sourcecode.swift; path = Recipe.swift; sourceTree = "<group>"; };
		3E04E19C1B9AE25800B1FA6A /* libAFNetworking.a */ = {isa = PBXFileReference; lastKnownFileType = archive.ar; name = libAFNetworking.a; path = "Pods/../build/Debug-iphoneos/libAFNetworking.a"; sourceTree = "<group>"; };
		3E04E19E1B9AE32700B1FA6A /* Recipes-Bridging-Header.h */ = {isa = PBXFileReference; lastKnownFileType = sourcecode.c.h; path = "Recipes-Bridging-Header.h"; sourceTree = "<group>"; };
		3E060D421B95988400C71B5F /* AppDefaults.swift */ = {isa = PBXFileReference; fileEncoding = 4; lastKnownFileType = sourcecode.swift; path = AppDefaults.swift; sourceTree = "<group>"; };
		3E060D441B95DD0500C71B5F /* UIImage+Helper.swift */ = {isa = PBXFileReference; fileEncoding = 4; lastKnownFileType = sourcecode.swift; path = "UIImage+Helper.swift"; sourceTree = "<group>"; };
		3E10E3541B91EC1D00AA3F52 /* Recipes.app */ = {isa = PBXFileReference; explicitFileType = wrapper.application; includeInIndex = 0; path = Recipes.app; sourceTree = BUILT_PRODUCTS_DIR; };
		3E10E3571B91EC1D00AA3F52 /* AppDelegate.swift */ = {isa = PBXFileReference; lastKnownFileType = sourcecode.swift; path = AppDelegate.swift; sourceTree = "<group>"; };
		3E10E35C1B91EC1D00AA3F52 /* Base */ = {isa = PBXFileReference; lastKnownFileType = file.storyboard; name = Base; path = Base.lproj/Main.storyboard; sourceTree = "<group>"; };
		3E10E3611B91EC1D00AA3F52 /* Assets.xcassets */ = {isa = PBXFileReference; lastKnownFileType = folder.assetcatalog; path = Assets.xcassets; sourceTree = "<group>"; };
		3E10E3641B91EC1D00AA3F52 /* Base */ = {isa = PBXFileReference; lastKnownFileType = file.storyboard; name = Base; path = Base.lproj/LaunchScreen.storyboard; sourceTree = "<group>"; };
		3E10E3661B91EC1D00AA3F52 /* Info.plist */ = {isa = PBXFileReference; lastKnownFileType = text.plist.xml; path = Info.plist; sourceTree = "<group>"; };
		3E10E36B1B91EC1D00AA3F52 /* RecipesTests.xctest */ = {isa = PBXFileReference; explicitFileType = wrapper.cfbundle; includeInIndex = 0; path = RecipesTests.xctest; sourceTree = BUILT_PRODUCTS_DIR; };
		3E10E36F1B91EC1D00AA3F52 /* RecipesTests.swift */ = {isa = PBXFileReference; lastKnownFileType = sourcecode.swift; path = RecipesTests.swift; sourceTree = "<group>"; };
		3E10E3711B91EC1D00AA3F52 /* Info.plist */ = {isa = PBXFileReference; lastKnownFileType = text.plist.xml; path = Info.plist; sourceTree = "<group>"; };
		3E264B141B92F29100298796 /* RecipesViewController.swift */ = {isa = PBXFileReference; fileEncoding = 4; lastKnownFileType = sourcecode.swift; path = RecipesViewController.swift; sourceTree = "<group>"; };
		3E6A6FBD1B91EDC6007B72DD /* CoreData.framework */ = {isa = PBXFileReference; lastKnownFileType = wrapper.framework; name = CoreData.framework; path = System/Library/Frameworks/CoreData.framework; sourceTree = SDKROOT; };
		3E7D617D1B93231200A8386E /* RecipeTableViewCell.swift */ = {isa = PBXFileReference; fileEncoding = 4; lastKnownFileType = sourcecode.swift; path = RecipeTableViewCell.swift; sourceTree = "<group>"; };
		3E7D617F1B9417F800A8386E /* RecipesSearchViewController.swift */ = {isa = PBXFileReference; fileEncoding = 4; lastKnownFileType = sourcecode.swift; path = RecipesSearchViewController.swift; sourceTree = "<group>"; };
		3E7D61821B9424DD00A8386E /* RecipeSearchTableViewCell.swift */ = {isa = PBXFileReference; fileEncoding = 4; lastKnownFileType = sourcecode.swift; path = RecipeSearchTableViewCell.swift; sourceTree = "<group>"; };
		3E7D61851B9441DF00A8386E /* RecipePhotoTableViewCell.swift */ = {isa = PBXFileReference; fileEncoding = 4; lastKnownFileType = sourcecode.swift; path = RecipePhotoTableViewCell.swift; sourceTree = "<group>"; };
		3E7D61871B94434100A8386E /* RecipeDescriptionTableViewCell.swift */ = {isa = PBXFileReference; fileEncoding = 4; lastKnownFileType = sourcecode.swift; path = RecipeDescriptionTableViewCell.swift; sourceTree = "<group>"; };
		3E7D61891B94434E00A8386E /* RecipeModifierViewController.swift */ = {isa = PBXFileReference; fileEncoding = 4; lastKnownFileType = sourcecode.swift; path = RecipeModifierViewController.swift; sourceTree = "<group>"; };
		3E7D618B1B944F5500A8386E /* RecipeInstructionTableViewCell.swift */ = {isa = PBXFileReference; fileEncoding = 4; lastKnownFileType = sourcecode.swift; path = RecipeInstructionTableViewCell.swift; sourceTree = "<group>"; };
		3E7D618D1B944FEE00A8386E /* RecipeCookingLevelTableViewCell.swift */ = {isa = PBXFileReference; fileEncoding = 4; lastKnownFileType = sourcecode.swift; path = RecipeCookingLevelTableViewCell.swift; sourceTree = "<group>"; };
		3E8D06DC1B9DE99F00F5D56D /* RecipeApi.swift */ = {isa = PBXFileReference; fileEncoding = 4; lastKnownFileType = sourcecode.swift; path = RecipeApi.swift; sourceTree = "<group>"; };
		3EB7B7601B95840300DBF9C1 /* UITableViewCell+Helper.swift */ = {isa = PBXFileReference; fileEncoding = 4; lastKnownFileType = sourcecode.swift; path = "UITableViewCell+Helper.swift"; sourceTree = "<group>"; };
		3ED1BD4C1B9AE02B00D3EA31 /* libAFNetworking.a */ = {isa = PBXFileReference; lastKnownFileType = archive.ar; name = libAFNetworking.a; path = "Pods/../build/Debug-iphoneos/libAFNetworking.a"; sourceTree = "<group>"; };
		9DA24E9828CD7D76E5011CAD /* Pods.debug.xcconfig */ = {isa = PBXFileReference; includeInIndex = 1; lastKnownFileType = text.xcconfig; name = Pods.debug.xcconfig; path = "Pods/Target Support Files/Pods/Pods.debug.xcconfig"; sourceTree = "<group>"; };
/* End PBXFileReference section */

/* Begin PBXFrameworksBuildPhase section */
		3E10E3511B91EC1D00AA3F52 /* Frameworks */ = {
			isa = PBXFrameworksBuildPhase;
			buildActionMask = 2147483647;
			files = (
				2E043C7877E23F2BDC4ACCC1 /* libPods.a in Frameworks */,
			);
			runOnlyForDeploymentPostprocessing = 0;
		};
		3E10E3681B91EC1D00AA3F52 /* Frameworks */ = {
			isa = PBXFrameworksBuildPhase;
			buildActionMask = 2147483647;
			files = (
			);
			runOnlyForDeploymentPostprocessing = 0;
		};
/* End PBXFrameworksBuildPhase section */

/* Begin PBXGroup section */
		3E0208F31B9DDBEF00672A32 /* Model */ = {
			isa = PBXGroup;
			children = (
				3E0208F41B9DDC0800672A32 /* Recipe.swift */,
			);
			name = Model;
			sourceTree = "<group>";
		};
		3E060D411B95986E00C71B5F /* Helpers */ = {
			isa = PBXGroup;
			children = (
				3E8D06DC1B9DE99F00F5D56D /* RecipeApi.swift */,
				3EB7B7601B95840300DBF9C1 /* UITableViewCell+Helper.swift */,
				3E060D441B95DD0500C71B5F /* UIImage+Helper.swift */,
				3E060D421B95988400C71B5F /* AppDefaults.swift */,
			);
			name = Helpers;
			sourceTree = "<group>";
		};
		3E10E34B1B91EC1D00AA3F52 = {
			isa = PBXGroup;
			children = (
				3E10E3561B91EC1D00AA3F52 /* Recipes */,
				3E10E36E1B91EC1D00AA3F52 /* RecipesTests */,
				3E10E3551B91EC1D00AA3F52 /* Products */,
				72C11E98AAEBA12CC1CDB9AC /* Frameworks */,
				9FFBD783E19DC3E419032DD3 /* Pods */,
			);
			indentWidth = 2;
			sourceTree = "<group>";
			tabWidth = 2;
		};
		3E10E3551B91EC1D00AA3F52 /* Products */ = {
			isa = PBXGroup;
			children = (
				3E10E3541B91EC1D00AA3F52 /* Recipes.app */,
				3E10E36B1B91EC1D00AA3F52 /* RecipesTests.xctest */,
			);
			name = Products;
			sourceTree = "<group>";
		};
		3E10E3561B91EC1D00AA3F52 /* Recipes */ = {
			isa = PBXGroup;
			children = (
				3E04E19E1B9AE32700B1FA6A /* Recipes-Bridging-Header.h */,
				3E6A6FBF1B91EDCA007B72DD /* Frameworks */,
				3E060D411B95986E00C71B5F /* Helpers */,
				3E0208F31B9DDBEF00672A32 /* Model */,
				3E264B0F1B92E3C200298796 /* ViewControllers */,
				3E7D617B1B9322E800A8386E /* UITableView Custom Cells */,
				3E10E3571B91EC1D00AA3F52 /* AppDelegate.swift */,
				3E10E35B1B91EC1D00AA3F52 /* Main.storyboard */,
				3E10E3611B91EC1D00AA3F52 /* Assets.xcassets */,
				3E10E3631B91EC1D00AA3F52 /* LaunchScreen.storyboard */,
				3E10E3661B91EC1D00AA3F52 /* Info.plist */,
			);
			path = Recipes;
			sourceTree = "<group>";
		};
		3E10E36E1B91EC1D00AA3F52 /* RecipesTests */ = {
			isa = PBXGroup;
			children = (
				3E10E36F1B91EC1D00AA3F52 /* RecipesTests.swift */,
				3E10E3711B91EC1D00AA3F52 /* Info.plist */,
			);
			path = RecipesTests;
			sourceTree = "<group>";
		};
		3E264B0F1B92E3C200298796 /* ViewControllers */ = {
			isa = PBXGroup;
			children = (
				3E264B141B92F29100298796 /* RecipesViewController.swift */,
				3E7D617F1B9417F800A8386E /* RecipesSearchViewController.swift */,
				3E7D61891B94434E00A8386E /* RecipeModifierViewController.swift */,
			);
			name = ViewControllers;
			sourceTree = "<group>";
		};
		3E6A6FBF1B91EDCA007B72DD /* Frameworks */ = {
			isa = PBXGroup;
			children = (
				3E6A6FBD1B91EDC6007B72DD /* CoreData.framework */,
			);
			name = Frameworks;
			sourceTree = "<group>";
		};
		3E7D617B1B9322E800A8386E /* UITableView Custom Cells */ = {
			isa = PBXGroup;
			children = (
				3E7D61841B94418500A8386E /* RecipeModifier */,
				3E7D61811B9424BD00A8386E /* RecipesSearch */,
				3E7D617C1B93230000A8386E /* Recipes */,
			);
			name = "UITableView Custom Cells";
			sourceTree = "<group>";
		};
		3E7D617C1B93230000A8386E /* Recipes */ = {
			isa = PBXGroup;
			children = (
				3E7D617D1B93231200A8386E /* RecipeTableViewCell.swift */,
			);
			name = Recipes;
			sourceTree = "<group>";
		};
		3E7D61811B9424BD00A8386E /* RecipesSearch */ = {
			isa = PBXGroup;
			children = (
				3E7D61821B9424DD00A8386E /* RecipeSearchTableViewCell.swift */,
			);
			name = RecipesSearch;
			sourceTree = "<group>";
		};
		3E7D61841B94418500A8386E /* RecipeModifier */ = {
			isa = PBXGroup;
			children = (
				3E7D61851B9441DF00A8386E /* RecipePhotoTableViewCell.swift */,
				3E7D61871B94434100A8386E /* RecipeDescriptionTableViewCell.swift */,
				3E7D618B1B944F5500A8386E /* RecipeInstructionTableViewCell.swift */,
				3E7D618D1B944FEE00A8386E /* RecipeCookingLevelTableViewCell.swift */,
			);
			name = RecipeModifier;
			sourceTree = "<group>";
		};
		72C11E98AAEBA12CC1CDB9AC /* Frameworks */ = {
			isa = PBXGroup;
			children = (
				3E04E19C1B9AE25800B1FA6A /* libAFNetworking.a */,
				3ED1BD4C1B9AE02B00D3EA31 /* libAFNetworking.a */,
				358B55F3BE49DAFF51DF6E64 /* libPods.a */,
			);
			name = Frameworks;
			sourceTree = "<group>";
		};
		9FFBD783E19DC3E419032DD3 /* Pods */ = {
			isa = PBXGroup;
			children = (
				9DA24E9828CD7D76E5011CAD /* Pods.debug.xcconfig */,
				366B3D9315F80C1611DA3621 /* Pods.release.xcconfig */,
			);
			name = Pods;
			sourceTree = "<group>";
		};
/* End PBXGroup section */

/* Begin PBXNativeTarget section */
		3E10E3531B91EC1D00AA3F52 /* Recipes */ = {
			isa = PBXNativeTarget;
			buildConfigurationList = 3E10E3741B91EC1D00AA3F52 /* Build configuration list for PBXNativeTarget "Recipes" */;
			buildPhases = (
				11D816519F4AAFEC93998C97 /* Check Pods Manifest.lock */,
				3E10E3501B91EC1D00AA3F52 /* Sources */,
				3E10E3511B91EC1D00AA3F52 /* Frameworks */,
				3E10E3521B91EC1D00AA3F52 /* Resources */,
				317EFE7B77BF482B41EDE750 /* Copy Pods Resources */,
			);
			buildRules = (
			);
			dependencies = (
			);
			name = Recipes;
			productName = Recipes;
			productReference = 3E10E3541B91EC1D00AA3F52 /* Recipes.app */;
			productType = "com.apple.product-type.application";
		};
		3E10E36A1B91EC1D00AA3F52 /* RecipesTests */ = {
			isa = PBXNativeTarget;
			buildConfigurationList = 3E10E3771B91EC1D00AA3F52 /* Build configuration list for PBXNativeTarget "RecipesTests" */;
			buildPhases = (
				3E10E3671B91EC1D00AA3F52 /* Sources */,
				3E10E3681B91EC1D00AA3F52 /* Frameworks */,
				3E10E3691B91EC1D00AA3F52 /* Resources */,
			);
			buildRules = (
			);
			dependencies = (
				3E10E36D1B91EC1D00AA3F52 /* PBXTargetDependency */,
			);
			name = RecipesTests;
			productName = RecipesTests;
			productReference = 3E10E36B1B91EC1D00AA3F52 /* RecipesTests.xctest */;
			productType = "com.apple.product-type.bundle.unit-test";
		};
/* End PBXNativeTarget section */

/* Begin PBXProject section */
		3E10E34C1B91EC1D00AA3F52 /* Project object */ = {
			isa = PBXProject;
			attributes = {
				LastUpgradeCheck = 0700;
				ORGANIZATIONNAME = Hyper;
				TargetAttributes = {
					3E10E3531B91EC1D00AA3F52 = {
						CreatedOnToolsVersion = 7.0;
					};
					3E10E36A1B91EC1D00AA3F52 = {
						CreatedOnToolsVersion = 7.0;
						TestTargetID = 3E10E3531B91EC1D00AA3F52;
					};
				};
			};
			buildConfigurationList = 3E10E34F1B91EC1D00AA3F52 /* Build configuration list for PBXProject "Recipes" */;
			compatibilityVersion = "Xcode 3.2";
			developmentRegion = English;
			hasScannedForEncodings = 0;
			knownRegions = (
				en,
				Base,
			);
			mainGroup = 3E10E34B1B91EC1D00AA3F52;
			productRefGroup = 3E10E3551B91EC1D00AA3F52 /* Products */;
			projectDirPath = "";
			projectRoot = "";
			targets = (
				3E10E3531B91EC1D00AA3F52 /* Recipes */,
				3E10E36A1B91EC1D00AA3F52 /* RecipesTests */,
			);
		};
/* End PBXProject section */

/* Begin PBXResourcesBuildPhase section */
		3E10E3521B91EC1D00AA3F52 /* Resources */ = {
			isa = PBXResourcesBuildPhase;
			buildActionMask = 2147483647;
			files = (
				3E10E3651B91EC1D00AA3F52 /* LaunchScreen.storyboard in Resources */,
				3E10E3621B91EC1D00AA3F52 /* Assets.xcassets in Resources */,
				3E10E35D1B91EC1D00AA3F52 /* Main.storyboard in Resources */,
			);
			runOnlyForDeploymentPostprocessing = 0;
		};
		3E10E3691B91EC1D00AA3F52 /* Resources */ = {
			isa = PBXResourcesBuildPhase;
			buildActionMask = 2147483647;
			files = (
			);
			runOnlyForDeploymentPostprocessing = 0;
		};
/* End PBXResourcesBuildPhase section */

/* Begin PBXShellScriptBuildPhase section */
		11D816519F4AAFEC93998C97 /* Check Pods Manifest.lock */ = {
			isa = PBXShellScriptBuildPhase;
			buildActionMask = 2147483647;
			files = (
			);
			inputPaths = (
			);
			name = "Check Pods Manifest.lock";
			outputPaths = (
			);
			runOnlyForDeploymentPostprocessing = 0;
			shellPath = /bin/sh;
			shellScript = "diff \"${PODS_ROOT}/../Podfile.lock\" \"${PODS_ROOT}/Manifest.lock\" > /dev/null\nif [[ $? != 0 ]] ; then\n    cat << EOM\nerror: The sandbox is not in sync with the Podfile.lock. Run 'pod install' or update your CocoaPods installation.\nEOM\n    exit 1\nfi\n";
			showEnvVarsInLog = 0;
		};
		317EFE7B77BF482B41EDE750 /* Copy Pods Resources */ = {
			isa = PBXShellScriptBuildPhase;
			buildActionMask = 2147483647;
			files = (
			);
			inputPaths = (
			);
			name = "Copy Pods Resources";
			outputPaths = (
			);
			runOnlyForDeploymentPostprocessing = 0;
			shellPath = /bin/sh;
			shellScript = "\"${SRCROOT}/Pods/Target Support Files/Pods/Pods-resources.sh\"\n";
			showEnvVarsInLog = 0;
		};
/* End PBXShellScriptBuildPhase section */

/* Begin PBXSourcesBuildPhase section */
		3E10E3501B91EC1D00AA3F52 /* Sources */ = {
			isa = PBXSourcesBuildPhase;
			buildActionMask = 2147483647;
			files = (
				3E0208F51B9DDC0800672A32 /* Recipe.swift in Sources */,
				3E264B151B92F29100298796 /* RecipesViewController.swift in Sources */,
				3E7D61801B9417F800A8386E /* RecipesSearchViewController.swift in Sources */,
				3EB7B7611B95840300DBF9C1 /* UITableViewCell+Helper.swift in Sources */,
				3E7D618C1B944F5500A8386E /* RecipeInstructionTableViewCell.swift in Sources */,
				3E7D617E1B93231200A8386E /* RecipeTableViewCell.swift in Sources */,
				3E060D431B95988400C71B5F /* AppDefaults.swift in Sources */,
				3E7D618A1B94434E00A8386E /* RecipeModifierViewController.swift in Sources */,
				3E8D06DD1B9DE99F00F5D56D /* RecipeApi.swift in Sources */,
				3E10E3581B91EC1D00AA3F52 /* AppDelegate.swift in Sources */,
				3E060D451B95DD0500C71B5F /* UIImage+Helper.swift in Sources */,
				3E7D61831B9424DD00A8386E /* RecipeSearchTableViewCell.swift in Sources */,
				3E7D618E1B944FEE00A8386E /* RecipeCookingLevelTableViewCell.swift in Sources */,
				3E7D61881B94434100A8386E /* RecipeDescriptionTableViewCell.swift in Sources */,
				3E7D61861B9441DF00A8386E /* RecipePhotoTableViewCell.swift in Sources */,
			);
			runOnlyForDeploymentPostprocessing = 0;
		};
		3E10E3671B91EC1D00AA3F52 /* Sources */ = {
			isa = PBXSourcesBuildPhase;
			buildActionMask = 2147483647;
			files = (
				3E10E3701B91EC1D00AA3F52 /* RecipesTests.swift in Sources */,
			);
			runOnlyForDeploymentPostprocessing = 0;
		};
/* End PBXSourcesBuildPhase section */

/* Begin PBXTargetDependency section */
		3E10E36D1B91EC1D00AA3F52 /* PBXTargetDependency */ = {
			isa = PBXTargetDependency;
			target = 3E10E3531B91EC1D00AA3F52 /* Recipes */;
			targetProxy = 3E10E36C1B91EC1D00AA3F52 /* PBXContainerItemProxy */;
		};
/* End PBXTargetDependency section */

/* Begin PBXVariantGroup section */
		3E10E35B1B91EC1D00AA3F52 /* Main.storyboard */ = {
			isa = PBXVariantGroup;
			children = (
				3E10E35C1B91EC1D00AA3F52 /* Base */,
			);
			name = Main.storyboard;
			sourceTree = "<group>";
		};
		3E10E3631B91EC1D00AA3F52 /* LaunchScreen.storyboard */ = {
			isa = PBXVariantGroup;
			children = (
				3E10E3641B91EC1D00AA3F52 /* Base */,
			);
			name = LaunchScreen.storyboard;
			sourceTree = "<group>";
		};
/* End PBXVariantGroup section */

/* Begin XCBuildConfiguration section */
		3E10E3721B91EC1D00AA3F52 /* Debug */ = {
			isa = XCBuildConfiguration;
			buildSettings = {
				ALWAYS_SEARCH_USER_PATHS = NO;
				CLANG_CXX_LANGUAGE_STANDARD = "gnu++0x";
				CLANG_CXX_LIBRARY = "libc++";
				CLANG_ENABLE_MODULES = YES;
				CLANG_ENABLE_OBJC_ARC = YES;
				CLANG_WARN_BOOL_CONVERSION = YES;
				CLANG_WARN_CONSTANT_CONVERSION = YES;
				CLANG_WARN_DIRECT_OBJC_ISA_USAGE = YES_ERROR;
				CLANG_WARN_EMPTY_BODY = YES;
				CLANG_WARN_ENUM_CONVERSION = YES;
				CLANG_WARN_INT_CONVERSION = YES;
				CLANG_WARN_OBJC_ROOT_CLASS = YES_ERROR;
				CLANG_WARN_UNREACHABLE_CODE = YES;
				CLANG_WARN__DUPLICATE_METHOD_MATCH = YES;
				"CODE_SIGN_IDENTITY[sdk=iphoneos*]" = "iPhone Developer";
				COPY_PHASE_STRIP = NO;
				DEBUG_INFORMATION_FORMAT = dwarf;
				ENABLE_STRICT_OBJC_MSGSEND = YES;
				ENABLE_TESTABILITY = YES;
				GCC_C_LANGUAGE_STANDARD = gnu99;
				GCC_DYNAMIC_NO_PIC = NO;
				GCC_NO_COMMON_BLOCKS = YES;
				GCC_OPTIMIZATION_LEVEL = 0;
				GCC_PREPROCESSOR_DEFINITIONS = (
					"DEBUG=1",
					"$(inherited)",
				);
				GCC_WARN_64_TO_32_BIT_CONVERSION = YES;
				GCC_WARN_ABOUT_RETURN_TYPE = YES_ERROR;
				GCC_WARN_UNDECLARED_SELECTOR = YES;
				GCC_WARN_UNINITIALIZED_AUTOS = YES_AGGRESSIVE;
				GCC_WARN_UNUSED_FUNCTION = YES;
				GCC_WARN_UNUSED_VARIABLE = YES;
				IPHONEOS_DEPLOYMENT_TARGET = 9.0;
				MTL_ENABLE_DEBUG_INFO = YES;
				ONLY_ACTIVE_ARCH = YES;
				SDKROOT = iphoneos;
				SWIFT_OPTIMIZATION_LEVEL = "-Onone";
				TARGETED_DEVICE_FAMILY = "1,2";
			};
			name = Debug;
		};
		3E10E3731B91EC1D00AA3F52 /* Release */ = {
			isa = XCBuildConfiguration;
			buildSettings = {
				ALWAYS_SEARCH_USER_PATHS = NO;
				CLANG_CXX_LANGUAGE_STANDARD = "gnu++0x";
				CLANG_CXX_LIBRARY = "libc++";
				CLANG_ENABLE_MODULES = YES;
				CLANG_ENABLE_OBJC_ARC = YES;
				CLANG_WARN_BOOL_CONVERSION = YES;
				CLANG_WARN_CONSTANT_CONVERSION = YES;
				CLANG_WARN_DIRECT_OBJC_ISA_USAGE = YES_ERROR;
				CLANG_WARN_EMPTY_BODY = YES;
				CLANG_WARN_ENUM_CONVERSION = YES;
				CLANG_WARN_INT_CONVERSION = YES;
				CLANG_WARN_OBJC_ROOT_CLASS = YES_ERROR;
				CLANG_WARN_UNREACHABLE_CODE = YES;
				CLANG_WARN__DUPLICATE_METHOD_MATCH = YES;
				"CODE_SIGN_IDENTITY[sdk=iphoneos*]" = "iPhone Developer";
				COPY_PHASE_STRIP = NO;
				DEBUG_INFORMATION_FORMAT = "dwarf-with-dsym";
				ENABLE_NS_ASSERTIONS = NO;
				ENABLE_STRICT_OBJC_MSGSEND = YES;
				GCC_C_LANGUAGE_STANDARD = gnu99;
				GCC_NO_COMMON_BLOCKS = YES;
				GCC_WARN_64_TO_32_BIT_CONVERSION = YES;
				GCC_WARN_ABOUT_RETURN_TYPE = YES_ERROR;
				GCC_WARN_UNDECLARED_SELECTOR = YES;
				GCC_WARN_UNINITIALIZED_AUTOS = YES_AGGRESSIVE;
				GCC_WARN_UNUSED_FUNCTION = YES;
				GCC_WARN_UNUSED_VARIABLE = YES;
				IPHONEOS_DEPLOYMENT_TARGET = 9.0;
				MTL_ENABLE_DEBUG_INFO = NO;
				SDKROOT = iphoneos;
				TARGETED_DEVICE_FAMILY = "1,2";
				VALIDATE_PRODUCT = YES;
			};
			name = Release;
		};
		3E10E3751B91EC1D00AA3F52 /* Debug */ = {
			isa = XCBuildConfiguration;
			baseConfigurationReference = 9DA24E9828CD7D76E5011CAD /* Pods.debug.xcconfig */;
			buildSettings = {
				ASSETCATALOG_COMPILER_APPICON_NAME = AppIcon;
				INFOPLIST_FILE = Recipes/Info.plist;
				IPHONEOS_DEPLOYMENT_TARGET = 8.3;
				LD_RUNPATH_SEARCH_PATHS = "$(inherited) @executable_path/Frameworks";
				LIBRARY_SEARCH_PATHS = (
					"$(inherited)",
					"$(PROJECT_DIR)/build/Debug-iphoneos",
				);
				PRODUCT_BUNDLE_IDENTIFIER = com.hyper.Recipes;
				PRODUCT_NAME = "$(TARGET_NAME)";
				SWIFT_OBJC_BRIDGING_HEADER = "Recipes/Recipes-Bridging-Header.h";
				TARGETED_DEVICE_FAMILY = "1,2";
			};
			name = Debug;
		};
		3E10E3761B91EC1D00AA3F52 /* Release */ = {
			isa = XCBuildConfiguration;
			baseConfigurationReference = 366B3D9315F80C1611DA3621 /* Pods.release.xcconfig */;
			buildSettings = {
				ASSETCATALOG_COMPILER_APPICON_NAME = AppIcon;
				INFOPLIST_FILE = Recipes/Info.plist;
				IPHONEOS_DEPLOYMENT_TARGET = 8.3;
				LD_RUNPATH_SEARCH_PATHS = "$(inherited) @executable_path/Frameworks";
				LIBRARY_SEARCH_PATHS = (
					"$(inherited)",
					"$(PROJECT_DIR)/build/Debug-iphoneos",
				);
				PRODUCT_BUNDLE_IDENTIFIER = com.hyper.Recipes;
				PRODUCT_NAME = "$(TARGET_NAME)";
				SWIFT_OBJC_BRIDGING_HEADER = "Recipes/Recipes-Bridging-Header.h";
				TARGETED_DEVICE_FAMILY = "1,2";
			};
			name = Release;
		};
		3E10E3781B91EC1D00AA3F52 /* Debug */ = {
			isa = XCBuildConfiguration;
			buildSettings = {
				BUNDLE_LOADER = "$(TEST_HOST)";
				INFOPLIST_FILE = RecipesTests/Info.plist;
				LD_RUNPATH_SEARCH_PATHS = "$(inherited) @executable_path/Frameworks @loader_path/Frameworks";
				PRODUCT_BUNDLE_IDENTIFIER = com.hyper.RecipesTests;
				PRODUCT_NAME = "$(TARGET_NAME)";
				TEST_HOST = "$(BUILT_PRODUCTS_DIR)/Recipes.app/Recipes";
			};
			name = Debug;
		};
		3E10E3791B91EC1D00AA3F52 /* Release */ = {
			isa = XCBuildConfiguration;
			buildSettings = {
				BUNDLE_LOADER = "$(TEST_HOST)";
				INFOPLIST_FILE = RecipesTests/Info.plist;
				LD_RUNPATH_SEARCH_PATHS = "$(inherited) @executable_path/Frameworks @loader_path/Frameworks";
				PRODUCT_BUNDLE_IDENTIFIER = com.hyper.RecipesTests;
				PRODUCT_NAME = "$(TARGET_NAME)";
				TEST_HOST = "$(BUILT_PRODUCTS_DIR)/Recipes.app/Recipes";
			};
			name = Release;
		};
/* End XCBuildConfiguration section */

/* Begin XCConfigurationList section */
		3E10E34F1B91EC1D00AA3F52 /* Build configuration list for PBXProject "Recipes" */ = {
			isa = XCConfigurationList;
			buildConfigurations = (
				3E10E3721B91EC1D00AA3F52 /* Debug */,
				3E10E3731B91EC1D00AA3F52 /* Release */,
			);
			defaultConfigurationIsVisible = 0;
			defaultConfigurationName = Release;
		};
		3E10E3741B91EC1D00AA3F52 /* Build configuration list for PBXNativeTarget "Recipes" */ = {
			isa = XCConfigurationList;
			buildConfigurations = (
				3E10E3751B91EC1D00AA3F52 /* Debug */,
				3E10E3761B91EC1D00AA3F52 /* Release */,
			);
			defaultConfigurationIsVisible = 0;
			defaultConfigurationName = Release;
		};
		3E10E3771B91EC1D00AA3F52 /* Build configuration list for PBXNativeTarget "RecipesTests" */ = {
			isa = XCConfigurationList;
			buildConfigurations = (
				3E10E3781B91EC1D00AA3F52 /* Debug */,
				3E10E3791B91EC1D00AA3F52 /* Release */,
			);
			defaultConfigurationIsVisible = 0;
			defaultConfigurationName = Release;
		};
/* End XCConfigurationList section */
	};
	rootObject = 3E10E34C1B91EC1D00AA3F52 /* Project object */;
}
