// !$*UTF8*$!
{
	archiveVersion = 1;
	classes = {
	};
	objectVersion = 46;
	objects = {

/* Begin PBXBuildFile section */
		3E0208F51B9DDC0800672A32 /* RecipeViewModel.swift in Sources */ = {isa = PBXBuildFile; fileRef = 3E0208F41B9DDC0800672A32 /* RecipeViewModel.swift */; settings = {ASSET_TAGS = (); }; };
		3E060D431B95988400C71B5F /* AppDefaults.swift in Sources */ = {isa = PBXBuildFile; fileRef = 3E060D421B95988400C71B5F /* AppDefaults.swift */; settings = {ASSET_TAGS = (); }; };
		3E060D451B95DD0500C71B5F /* UIImage+Helper.swift in Sources */ = {isa = PBXBuildFile; fileRef = 3E060D441B95DD0500C71B5F /* UIImage+Helper.swift */; settings = {ASSET_TAGS = (); }; };
		3E10E3581B91EC1D00AA3F52 /* AppDelegate.swift in Sources */ = {isa = PBXBuildFile; fileRef = 3E10E3571B91EC1D00AA3F52 /* AppDelegate.swift */; };
		3E10E35D1B91EC1D00AA3F52 /* Main.storyboard in Resources */ = {isa = PBXBuildFile; fileRef = 3E10E35B1B91EC1D00AA3F52 /* Main.storyboard */; };
		3E10E3621B91EC1D00AA3F52 /* Assets.xcassets in Resources */ = {isa = PBXBuildFile; fileRef = 3E10E3611B91EC1D00AA3F52 /* Assets.xcassets */; };
		3E10E3651B91EC1D00AA3F52 /* LaunchScreen.storyboard in Resources */ = {isa = PBXBuildFile; fileRef = 3E10E3631B91EC1D00AA3F52 /* LaunchScreen.storyboard */; };
		3E2E5F921BB1A1E2008A24B1 /* QuartzCore.framework in Frameworks */ = {isa = PBXBuildFile; fileRef = 3E2E5F911BB1A1E2008A24B1 /* QuartzCore.framework */; };
		3E3FCB011BA4B130001B38FD /* RecipeApiModel.swift in Sources */ = {isa = PBXBuildFile; fileRef = 3E3FCB001BA4B130001B38FD /* RecipeApiModel.swift */; settings = {ASSET_TAGS = (); }; };
		3E4F66571BAA9A8200EAE7FB /* chicken-biryani-recipe-photos-5.jpg in Resources */ = {isa = PBXBuildFile; fileRef = 3E4F66561BAA9A8200EAE7FB /* chicken-biryani-recipe-photos-5.jpg */; settings = {ASSET_TAGS = (); }; };
		3E7D61801B9417F800A8386E /* RecipesSearchViewController.swift in Sources */ = {isa = PBXBuildFile; fileRef = 3E7D617F1B9417F800A8386E /* RecipesSearchViewController.swift */; settings = {ASSET_TAGS = (); }; };
		3E873E311BAAD7A600DEC82F /* RecipeApiTests.swift in Sources */ = {isa = PBXBuildFile; fileRef = 3E873E301BAAD7A600DEC82F /* RecipeApiTests.swift */; settings = {ASSET_TAGS = (); }; };
		3E873E331BAAECA900DEC82F /* UINavigationBar+Helper.swift in Sources */ = {isa = PBXBuildFile; fileRef = 3E873E321BAAECA900DEC82F /* UINavigationBar+Helper.swift */; settings = {ASSET_TAGS = (); }; };
		3E930A001BA1BC1800FF8B86 /* RecipesModel.xcdatamodeld in Sources */ = {isa = PBXBuildFile; fileRef = 3E9309FE1BA1BC1800FF8B86 /* RecipesModel.xcdatamodeld */; settings = {ASSET_TAGS = (); }; };
		3E930A231BA1BC5900FF8B86 /* CoreDataStack.swift in Sources */ = {isa = PBXBuildFile; fileRef = 3E930A221BA1BC5900FF8B86 /* CoreDataStack.swift */; settings = {ASSET_TAGS = (); }; };
		3E993C411BB95CA700065E85 /* NSManagedObjectContext+Helper.swift in Sources */ = {isa = PBXBuildFile; fileRef = 3E993C401BB95CA700065E85 /* NSManagedObjectContext+Helper.swift */; settings = {ASSET_TAGS = (); }; };
		3EA005DB1BAACCB900FB43C8 /* CoreSpotlight.framework in Frameworks */ = {isa = PBXBuildFile; fileRef = 3EA005DA1BAACCB900FB43C8 /* CoreSpotlight.framework */; };
		3EA8AE141BBA74A7005A4D68 /* RecipeApi.swift in Sources */ = {isa = PBXBuildFile; fileRef = 3E8D06DC1B9DE99F00F5D56D /* RecipeApi.swift */; settings = {ASSET_TAGS = (); }; };
		3EA8AE161BBA99A2005A4D68 /* RecipesListViewController.swift in Sources */ = {isa = PBXBuildFile; fileRef = 3EA8AE151BBA99A2005A4D68 /* RecipesListViewController.swift */; settings = {ASSET_TAGS = (); }; };
		3EA8AE181BBA9B72005A4D68 /* thumbnail_recipe_Photo-2.jpeg in Resources */ = {isa = PBXBuildFile; fileRef = 3EA8AE171BBA9B72005A4D68 /* thumbnail_recipe_Photo-2.jpeg */; settings = {ASSET_TAGS = (); }; };
		3EA8AE1A1BBA9D52005A4D68 /* RecipeListCollectionViewCell.swift in Sources */ = {isa = PBXBuildFile; fileRef = 3EA8AE191BBA9D52005A4D68 /* RecipeListCollectionViewCell.swift */; settings = {ASSET_TAGS = (); }; };
		3EA8AE1D1BBAA057005A4D68 /* RecipesListViewController+UICollectionViewDataSource.swift in Sources */ = {isa = PBXBuildFile; fileRef = 3EA8AE1C1BBAA057005A4D68 /* RecipesListViewController+UICollectionViewDataSource.swift */; settings = {ASSET_TAGS = (); }; };
		3EA8AE1F1BBAA080005A4D68 /* RecipesListViewController+UICollectionViewDelegate.swift in Sources */ = {isa = PBXBuildFile; fileRef = 3EA8AE1E1BBAA080005A4D68 /* RecipesListViewController+UICollectionViewDelegate.swift */; settings = {ASSET_TAGS = (); }; };
		3EA8AE441BBBC630005A4D68 /* RecipesListViewController+UIScrollView.swift in Sources */ = {isa = PBXBuildFile; fileRef = 3EA8AE431BBBC630005A4D68 /* RecipesListViewController+UIScrollView.swift */; settings = {ASSET_TAGS = (); }; };
		3EA8AE461BBBCA1B005A4D68 /* UICollectionViewCellParallax.swift in Sources */ = {isa = PBXBuildFile; fileRef = 3EA8AE451BBBCA1B005A4D68 /* UICollectionViewCellParallax.swift */; settings = {ASSET_TAGS = (); }; };
		3EA9EDD21BBA664C00D388E1 /* SyncManager.swift in Sources */ = {isa = PBXBuildFile; fileRef = 3EA9EDD11BBA664C00D388E1 /* SyncManager.swift */; settings = {ASSET_TAGS = (); }; };
		3EF929481BB34BEB00D19C34 /* Recipe.swift in Sources */ = {isa = PBXBuildFile; fileRef = 3EF929461BB34BEB00D19C34 /* Recipe.swift */; settings = {ASSET_TAGS = (); }; };
		3EF929491BB34BEB00D19C34 /* Tombstone.swift in Sources */ = {isa = PBXBuildFile; fileRef = 3EF929471BB34BEB00D19C34 /* Tombstone.swift */; settings = {ASSET_TAGS = (); }; };
		3EF9294C1BB366A600D19C34 /* Recipe+CoreDataProperties.swift in Sources */ = {isa = PBXBuildFile; fileRef = 3EF9294A1BB366A600D19C34 /* Recipe+CoreDataProperties.swift */; settings = {ASSET_TAGS = (); }; };
		3EF9294D1BB366A600D19C34 /* Tombstone+CoreDataProperties.swift in Sources */ = {isa = PBXBuildFile; fileRef = 3EF9294B1BB366A600D19C34 /* Tombstone+CoreDataProperties.swift */; settings = {ASSET_TAGS = (); }; };
		7F0E3C1558AC6345E36CF462 /* Pods.framework in Frameworks */ = {isa = PBXBuildFile; fileRef = 2EE0969E36C254B3B50FDB5A /* Pods.framework */; settings = {ATTRIBUTES = (Weak, ); }; };
/* End PBXBuildFile section */

/* Begin PBXContainerItemProxy section */
		3E10E36C1B91EC1D00AA3F52 /* PBXContainerItemProxy */ = {
			isa = PBXContainerItemProxy;
			containerPortal = 3E10E34C1B91EC1D00AA3F52 /* Project object */;
			proxyType = 1;
			remoteGlobalIDString = 3E10E3531B91EC1D00AA3F52;
			remoteInfo = Recipes;
		};
/* End PBXContainerItemProxy section */

/* Begin PBXFileReference section */
		2EE0969E36C254B3B50FDB5A /* Pods.framework */ = {isa = PBXFileReference; explicitFileType = wrapper.framework; includeInIndex = 0; path = Pods.framework; sourceTree = BUILT_PRODUCTS_DIR; };
		366B3D9315F80C1611DA3621 /* Pods.release.xcconfig */ = {isa = PBXFileReference; includeInIndex = 1; lastKnownFileType = text.xcconfig; name = Pods.release.xcconfig; path = "Pods/Target Support Files/Pods/Pods.release.xcconfig"; sourceTree = "<group>"; };
		3E0208F41B9DDC0800672A32 /* RecipeViewModel.swift */ = {isa = PBXFileReference; fileEncoding = 4; lastKnownFileType = sourcecode.swift; path = RecipeViewModel.swift; sourceTree = "<group>"; };
		3E04E19C1B9AE25800B1FA6A /* libAFNetworking.a */ = {isa = PBXFileReference; lastKnownFileType = archive.ar; name = libAFNetworking.a; path = "Pods/../build/Debug-iphoneos/libAFNetworking.a"; sourceTree = "<group>"; };
		3E04E19E1B9AE32700B1FA6A /* Recipes-Bridging-Header.h */ = {isa = PBXFileReference; lastKnownFileType = sourcecode.c.h; path = "Recipes-Bridging-Header.h"; sourceTree = "<group>"; };
		3E060D421B95988400C71B5F /* AppDefaults.swift */ = {isa = PBXFileReference; fileEncoding = 4; lastKnownFileType = sourcecode.swift; path = AppDefaults.swift; sourceTree = "<group>"; };
		3E060D441B95DD0500C71B5F /* UIImage+Helper.swift */ = {isa = PBXFileReference; fileEncoding = 4; lastKnownFileType = sourcecode.swift; path = "UIImage+Helper.swift"; sourceTree = "<group>"; };
		3E10E3541B91EC1D00AA3F52 /* Recipes.app */ = {isa = PBXFileReference; explicitFileType = wrapper.application; includeInIndex = 0; path = Recipes.app; sourceTree = BUILT_PRODUCTS_DIR; };
		3E10E3571B91EC1D00AA3F52 /* AppDelegate.swift */ = {isa = PBXFileReference; lastKnownFileType = sourcecode.swift; path = AppDelegate.swift; sourceTree = "<group>"; };
		3E10E35C1B91EC1D00AA3F52 /* Base */ = {isa = PBXFileReference; lastKnownFileType = file.storyboard; name = Base; path = Base.lproj/Main.storyboard; sourceTree = "<group>"; };
		3E10E3611B91EC1D00AA3F52 /* Assets.xcassets */ = {isa = PBXFileReference; lastKnownFileType = folder.assetcatalog; path = Assets.xcassets; sourceTree = "<group>"; };
		3E10E3641B91EC1D00AA3F52 /* Base */ = {isa = PBXFileReference; lastKnownFileType = file.storyboard; name = Base; path = Base.lproj/LaunchScreen.storyboard; sourceTree = "<group>"; };
		3E10E3661B91EC1D00AA3F52 /* Info.plist */ = {isa = PBXFileReference; lastKnownFileType = text.plist.xml; path = Info.plist; sourceTree = "<group>"; };
		3E10E36B1B91EC1D00AA3F52 /* RecipesTests.xctest */ = {isa = PBXFileReference; explicitFileType = wrapper.cfbundle; includeInIndex = 0; path = RecipesTests.xctest; sourceTree = BUILT_PRODUCTS_DIR; };
		3E10E3711B91EC1D00AA3F52 /* Info.plist */ = {isa = PBXFileReference; lastKnownFileType = text.plist.xml; path = Info.plist; sourceTree = "<group>"; };
		3E2E5F911BB1A1E2008A24B1 /* QuartzCore.framework */ = {isa = PBXFileReference; lastKnownFileType = wrapper.framework; name = QuartzCore.framework; path = System/Library/Frameworks/QuartzCore.framework; sourceTree = SDKROOT; };
		3E3FCB001BA4B130001B38FD /* RecipeApiModel.swift */ = {isa = PBXFileReference; fileEncoding = 4; lastKnownFileType = sourcecode.swift; path = RecipeApiModel.swift; sourceTree = "<group>"; };
		3E4F66561BAA9A8200EAE7FB /* chicken-biryani-recipe-photos-5.jpg */ = {isa = PBXFileReference; lastKnownFileType = image.jpeg; name = "chicken-biryani-recipe-photos-5.jpg"; path = "../../../../../../Desktop/chicken-biryani-recipe-photos-5.jpg"; sourceTree = "<group>"; };
		3E7D617F1B9417F800A8386E /* RecipesSearchViewController.swift */ = {isa = PBXFileReference; fileEncoding = 4; lastKnownFileType = sourcecode.swift; path = RecipesSearchViewController.swift; sourceTree = "<group>"; };
		3E873E301BAAD7A600DEC82F /* RecipeApiTests.swift */ = {isa = PBXFileReference; fileEncoding = 4; lastKnownFileType = sourcecode.swift; path = RecipeApiTests.swift; sourceTree = "<group>"; };
		3E873E321BAAECA900DEC82F /* UINavigationBar+Helper.swift */ = {isa = PBXFileReference; fileEncoding = 4; lastKnownFileType = sourcecode.swift; path = "UINavigationBar+Helper.swift"; sourceTree = "<group>"; };
		3E8D06DC1B9DE99F00F5D56D /* RecipeApi.swift */ = {isa = PBXFileReference; fileEncoding = 4; lastKnownFileType = sourcecode.swift; path = RecipeApi.swift; sourceTree = "<group>"; };
		3E9309FF1BA1BC1800FF8B86 /* RecipesModel.xcdatamodel */ = {isa = PBXFileReference; lastKnownFileType = wrapper.xcdatamodel; path = RecipesModel.xcdatamodel; sourceTree = "<group>"; };
		3E930A221BA1BC5900FF8B86 /* CoreDataStack.swift */ = {isa = PBXFileReference; fileEncoding = 4; lastKnownFileType = sourcecode.swift; path = CoreDataStack.swift; sourceTree = "<group>"; };
		3E993C401BB95CA700065E85 /* NSManagedObjectContext+Helper.swift */ = {isa = PBXFileReference; fileEncoding = 4; lastKnownFileType = sourcecode.swift; path = "NSManagedObjectContext+Helper.swift"; sourceTree = "<group>"; };
		3EA005DA1BAACCB900FB43C8 /* CoreSpotlight.framework */ = {isa = PBXFileReference; lastKnownFileType = wrapper.framework; name = CoreSpotlight.framework; path = System/Library/Frameworks/CoreSpotlight.framework; sourceTree = SDKROOT; };
		3EA8AE151BBA99A2005A4D68 /* RecipesListViewController.swift */ = {isa = PBXFileReference; fileEncoding = 4; lastKnownFileType = sourcecode.swift; path = RecipesListViewController.swift; sourceTree = "<group>"; };
		3EA8AE171BBA9B72005A4D68 /* thumbnail_recipe_Photo-2.jpeg */ = {isa = PBXFileReference; lastKnownFileType = image.jpeg; name = "thumbnail_recipe_Photo-2.jpeg"; path = "../../../../../../Desktop/thumbnail_recipe_Photo-2.jpeg"; sourceTree = "<group>"; };
		3EA8AE191BBA9D52005A4D68 /* RecipeListCollectionViewCell.swift */ = {isa = PBXFileReference; fileEncoding = 4; lastKnownFileType = sourcecode.swift; path = RecipeListCollectionViewCell.swift; sourceTree = "<group>"; };
		3EA8AE1C1BBAA057005A4D68 /* RecipesListViewController+UICollectionViewDataSource.swift */ = {isa = PBXFileReference; fileEncoding = 4; lastKnownFileType = sourcecode.swift; path = "RecipesListViewController+UICollectionViewDataSource.swift"; sourceTree = "<group>"; };
		3EA8AE1E1BBAA080005A4D68 /* RecipesListViewController+UICollectionViewDelegate.swift */ = {isa = PBXFileReference; fileEncoding = 4; lastKnownFileType = sourcecode.swift; path = "RecipesListViewController+UICollectionViewDelegate.swift"; sourceTree = "<group>"; };
		3EA8AE431BBBC630005A4D68 /* RecipesListViewController+UIScrollView.swift */ = {isa = PBXFileReference; fileEncoding = 4; lastKnownFileType = sourcecode.swift; path = "RecipesListViewController+UIScrollView.swift"; sourceTree = "<group>"; };
		3EA8AE451BBBCA1B005A4D68 /* UICollectionViewCellParallax.swift */ = {isa = PBXFileReference; fileEncoding = 4; lastKnownFileType = sourcecode.swift; path = UICollectionViewCellParallax.swift; sourceTree = "<group>"; };
		3EA9EDD11BBA664C00D388E1 /* SyncManager.swift */ = {isa = PBXFileReference; fileEncoding = 4; lastKnownFileType = sourcecode.swift; path = SyncManager.swift; sourceTree = "<group>"; };
		3ED1BD4C1B9AE02B00D3EA31 /* libAFNetworking.a */ = {isa = PBXFileReference; lastKnownFileType = archive.ar; name = libAFNetworking.a; path = "Pods/../build/Debug-iphoneos/libAFNetworking.a"; sourceTree = "<group>"; };
		3EF929461BB34BEB00D19C34 /* Recipe.swift */ = {isa = PBXFileReference; fileEncoding = 4; lastKnownFileType = sourcecode.swift; path = Recipe.swift; sourceTree = "<group>"; };
		3EF929471BB34BEB00D19C34 /* Tombstone.swift */ = {isa = PBXFileReference; fileEncoding = 4; lastKnownFileType = sourcecode.swift; path = Tombstone.swift; sourceTree = "<group>"; };
		3EF9294A1BB366A600D19C34 /* Recipe+CoreDataProperties.swift */ = {isa = PBXFileReference; fileEncoding = 4; lastKnownFileType = sourcecode.swift; path = "Recipe+CoreDataProperties.swift"; sourceTree = "<group>"; };
		3EF9294B1BB366A600D19C34 /* Tombstone+CoreDataProperties.swift */ = {isa = PBXFileReference; fileEncoding = 4; lastKnownFileType = sourcecode.swift; path = "Tombstone+CoreDataProperties.swift"; sourceTree = "<group>"; };
		9DA24E9828CD7D76E5011CAD /* Pods.debug.xcconfig */ = {isa = PBXFileReference; includeInIndex = 1; lastKnownFileType = text.xcconfig; name = Pods.debug.xcconfig; path = "Pods/Target Support Files/Pods/Pods.debug.xcconfig"; sourceTree = "<group>"; };
/* End PBXFileReference section */

/* Begin PBXFrameworksBuildPhase section */
		3E10E3511B91EC1D00AA3F52 /* Frameworks */ = {
			isa = PBXFrameworksBuildPhase;
			buildActionMask = 2147483647;
			files = (
				3E2E5F921BB1A1E2008A24B1 /* QuartzCore.framework in Frameworks */,
				3EA005DB1BAACCB900FB43C8 /* CoreSpotlight.framework in Frameworks */,
				7F0E3C1558AC6345E36CF462 /* Pods.framework in Frameworks */,
			);
			runOnlyForDeploymentPostprocessing = 0;
		};
		3E10E3681B91EC1D00AA3F52 /* Frameworks */ = {
			isa = PBXFrameworksBuildPhase;
			buildActionMask = 2147483647;
			files = (
			);
			runOnlyForDeploymentPostprocessing = 0;
		};
/* End PBXFrameworksBuildPhase section */

/* Begin PBXGroup section */
		3E0208F31B9DDBEF00672A32 /* Model */ = {
			isa = PBXGroup;
			children = (
			);
			name = Model;
			sourceTree = "<group>";
		};
		3E060D411B95986E00C71B5F /* Helpers */ = {
			isa = PBXGroup;
			children = (
				3E8D06DC1B9DE99F00F5D56D /* RecipeApi.swift */,
				3E060D441B95DD0500C71B5F /* UIImage+Helper.swift */,
				3E060D421B95988400C71B5F /* AppDefaults.swift */,
				3E3FCB001BA4B130001B38FD /* RecipeApiModel.swift */,
				3E873E321BAAECA900DEC82F /* UINavigationBar+Helper.swift */,
			);
			name = Helpers;
			sourceTree = "<group>";
		};
		3E10E34B1B91EC1D00AA3F52 = {
			isa = PBXGroup;
			children = (
				3E10E3561B91EC1D00AA3F52 /* Recipes */,
				3E10E36E1B91EC1D00AA3F52 /* RecipesTests */,
				3E10E3551B91EC1D00AA3F52 /* Products */,
				72C11E98AAEBA12CC1CDB9AC /* Frameworks */,
				9FFBD783E19DC3E419032DD3 /* Pods */,
			);
			indentWidth = 2;
			sourceTree = "<group>";
			tabWidth = 2;
		};
		3E10E3551B91EC1D00AA3F52 /* Products */ = {
			isa = PBXGroup;
			children = (
				3E10E3541B91EC1D00AA3F52 /* Recipes.app */,
				3E10E36B1B91EC1D00AA3F52 /* RecipesTests.xctest */,
			);
			name = Products;
			sourceTree = "<group>";
		};
		3E10E3561B91EC1D00AA3F52 /* Recipes */ = {
			isa = PBXGroup;
			children = (
				3EA8AE171BBA9B72005A4D68 /* thumbnail_recipe_Photo-2.jpeg */,
				3E4F66561BAA9A8200EAE7FB /* chicken-biryani-recipe-photos-5.jpg */,
				3E04E19E1B9AE32700B1FA6A /* Recipes-Bridging-Header.h */,
				3E3FCAFD1BA41FB3001B38FD /* Data */,
				3E930A281BA1CB5100FF8B86 /* ViewModels */,
				3E930A241BA1BE1900FF8B86 /* CoreData */,
				3E060D411B95986E00C71B5F /* Helpers */,
				3E0208F31B9DDBEF00672A32 /* Model */,
				3E264B0F1B92E3C200298796 /* ViewControllers */,
				3E10E3571B91EC1D00AA3F52 /* AppDelegate.swift */,
				3E10E35B1B91EC1D00AA3F52 /* Main.storyboard */,
				3E10E3611B91EC1D00AA3F52 /* Assets.xcassets */,
				3E10E3631B91EC1D00AA3F52 /* LaunchScreen.storyboard */,
				3E10E3661B91EC1D00AA3F52 /* Info.plist */,
			);
			path = Recipes;
			sourceTree = "<group>";
		};
		3E10E36E1B91EC1D00AA3F52 /* RecipesTests */ = {
			isa = PBXGroup;
			children = (
				3E873E301BAAD7A600DEC82F /* RecipeApiTests.swift */,
				3E10E3711B91EC1D00AA3F52 /* Info.plist */,
			);
			path = RecipesTests;
			sourceTree = "<group>";
		};
		3E264B0F1B92E3C200298796 /* ViewControllers */ = {
			isa = PBXGroup;
			children = (
				3E2E5F8D1BB16F23008A24B1 /* RecipesHorizontalCollectionViewController */,
				3E2E5F881BB16846008A24B1 /* RecipesInDetailViewController */,
				3E87C1241BA9AB8A00714D69 /* RecipeDetailViewController */,
				3E87C11E1BA99E2D00714D69 /* RecipesListViewController */,
				3E7D617F1B9417F800A8386E /* RecipesSearchViewController.swift */,
			);
			name = ViewControllers;
			sourceTree = "<group>";
		};
		3E2E5F881BB16846008A24B1 /* RecipesInDetailViewController */ = {
			isa = PBXGroup;
			children = (
			);
			name = RecipesInDetailViewController;
			sourceTree = "<group>";
		};
		3E2E5F8D1BB16F23008A24B1 /* RecipesHorizontalCollectionViewController */ = {
			isa = PBXGroup;
			children = (
				3E2E5F8E1BB16F31008A24B1 /* CustomCells */,
			);
			name = RecipesHorizontalCollectionViewController;
			sourceTree = "<group>";
		};
		3E2E5F8E1BB16F31008A24B1 /* CustomCells */ = {
			isa = PBXGroup;
			children = (
			);
			name = CustomCells;
			sourceTree = "<group>";
		};
		3E3FCAFD1BA41FB3001B38FD /* Data */ = {
			isa = PBXGroup;
			children = (
				3EA9EDD11BBA664C00D388E1 /* SyncManager.swift */,
			);
			name = Data;
			sourceTree = "<group>";
		};
		3E873E381BAD695800DEC82F /* Animator */ = {
			isa = PBXGroup;
			children = (
			);
			name = Animator;
			sourceTree = "<group>";
		};
		3E87C11E1BA99E2D00714D69 /* RecipesListViewController */ = {
			isa = PBXGroup;
			children = (
				3EA8AE1B1BBA9FC9005A4D68 /* UICollectionView */,
				3E873E381BAD695800DEC82F /* Animator */,
				3E87C1211BA99EB800714D69 /* CustomCells */,
				3EA8AE151BBA99A2005A4D68 /* RecipesListViewController.swift */,
			);
			name = RecipesListViewController;
			sourceTree = "<group>";
		};
		3E87C1211BA99EB800714D69 /* CustomCells */ = {
			isa = PBXGroup;
			children = (
				3EA8AE191BBA9D52005A4D68 /* RecipeListCollectionViewCell.swift */,
				3EA8AE451BBBCA1B005A4D68 /* UICollectionViewCellParallax.swift */,
			);
			name = CustomCells;
			sourceTree = "<group>";
		};
		3E87C1241BA9AB8A00714D69 /* RecipeDetailViewController */ = {
			isa = PBXGroup;
			children = (
			);
			name = RecipeDetailViewController;
			sourceTree = "<group>";
		};
		3E930A241BA1BE1900FF8B86 /* CoreData */ = {
			isa = PBXGroup;
			children = (
				3E993C401BB95CA700065E85 /* NSManagedObjectContext+Helper.swift */,
				3E930A251BA1BE2B00FF8B86 /* Models */,
				3E930A221BA1BC5900FF8B86 /* CoreDataStack.swift */,
				3E9309FE1BA1BC1800FF8B86 /* RecipesModel.xcdatamodeld */,
			);
			name = CoreData;
			sourceTree = "<group>";
		};
		3E930A251BA1BE2B00FF8B86 /* Models */ = {
			isa = PBXGroup;
			children = (
				3EF929461BB34BEB00D19C34 /* Recipe.swift */,
				3EF929471BB34BEB00D19C34 /* Tombstone.swift */,
				3EF9294A1BB366A600D19C34 /* Recipe+CoreDataProperties.swift */,
				3EF9294B1BB366A600D19C34 /* Tombstone+CoreDataProperties.swift */,
			);
			name = Models;
			sourceTree = "<group>";
		};
		3E930A281BA1CB5100FF8B86 /* ViewModels */ = {
			isa = PBXGroup;
			children = (
				3E0208F41B9DDC0800672A32 /* RecipeViewModel.swift */,
			);
			name = ViewModels;
			sourceTree = "<group>";
		};
		3EA8AE1B1BBA9FC9005A4D68 /* UICollectionView */ = {
			isa = PBXGroup;
			children = (
				3EA8AE1C1BBAA057005A4D68 /* RecipesListViewController+UICollectionViewDataSource.swift */,
				3EA8AE1E1BBAA080005A4D68 /* RecipesListViewController+UICollectionViewDelegate.swift */,
				3EA8AE431BBBC630005A4D68 /* RecipesListViewController+UIScrollView.swift */,
			);
			name = UICollectionView;
			sourceTree = "<group>";
		};
		72C11E98AAEBA12CC1CDB9AC /* Frameworks */ = {
			isa = PBXGroup;
			children = (
				3E2E5F911BB1A1E2008A24B1 /* QuartzCore.framework */,
				3EA005DA1BAACCB900FB43C8 /* CoreSpotlight.framework */,
				3E04E19C1B9AE25800B1FA6A /* libAFNetworking.a */,
				3ED1BD4C1B9AE02B00D3EA31 /* libAFNetworking.a */,
				2EE0969E36C254B3B50FDB5A /* Pods.framework */,
			);
			name = Frameworks;
			sourceTree = "<group>";
		};
		9FFBD783E19DC3E419032DD3 /* Pods */ = {
			isa = PBXGroup;
			children = (
				9DA24E9828CD7D76E5011CAD /* Pods.debug.xcconfig */,
				366B3D9315F80C1611DA3621 /* Pods.release.xcconfig */,
			);
			name = Pods;
			sourceTree = "<group>";
		};
/* End PBXGroup section */

/* Begin PBXNativeTarget section */
		3E10E3531B91EC1D00AA3F52 /* Recipes */ = {
			isa = PBXNativeTarget;
			buildConfigurationList = 3E10E3741B91EC1D00AA3F52 /* Build configuration list for PBXNativeTarget "Recipes" */;
			buildPhases = (
				11D816519F4AAFEC93998C97 /* Check Pods Manifest.lock */,
				3E10E3501B91EC1D00AA3F52 /* Sources */,
				3E10E3511B91EC1D00AA3F52 /* Frameworks */,
				3E10E3521B91EC1D00AA3F52 /* Resources */,
				317EFE7B77BF482B41EDE750 /* Copy Pods Resources */,
				CBF5A7EA766C0ADCB3DC44EA /* Embed Pods Frameworks */,
			);
			buildRules = (
			);
			dependencies = (
			);
			name = Recipes;
			productName = Recipes;
			productReference = 3E10E3541B91EC1D00AA3F52 /* Recipes.app */;
			productType = "com.apple.product-type.application";
		};
		3E10E36A1B91EC1D00AA3F52 /* RecipesTests */ = {
			isa = PBXNativeTarget;
			buildConfigurationList = 3E10E3771B91EC1D00AA3F52 /* Build configuration list for PBXNativeTarget "RecipesTests" */;
			buildPhases = (
				3E10E3671B91EC1D00AA3F52 /* Sources */,
				3E10E3681B91EC1D00AA3F52 /* Frameworks */,
				3E10E3691B91EC1D00AA3F52 /* Resources */,
			);
			buildRules = (
			);
			dependencies = (
				3E10E36D1B91EC1D00AA3F52 /* PBXTargetDependency */,
			);
			name = RecipesTests;
			productName = RecipesTests;
			productReference = 3E10E36B1B91EC1D00AA3F52 /* RecipesTests.xctest */;
			productType = "com.apple.product-type.bundle.unit-test";
		};
/* End PBXNativeTarget section */

/* Begin PBXProject section */
		3E10E34C1B91EC1D00AA3F52 /* Project object */ = {
			isa = PBXProject;
			attributes = {
				LastUpgradeCheck = 0700;
				ORGANIZATIONNAME = Hyper;
				TargetAttributes = {
					3E10E3531B91EC1D00AA3F52 = {
						CreatedOnToolsVersion = 7.0;
						DevelopmentTeam = UBAKNBA97C;
					};
					3E10E36A1B91EC1D00AA3F52 = {
						CreatedOnToolsVersion = 7.0;
						TestTargetID = 3E10E3531B91EC1D00AA3F52;
					};
				};
			};
			buildConfigurationList = 3E10E34F1B91EC1D00AA3F52 /* Build configuration list for PBXProject "Recipes" */;
			compatibilityVersion = "Xcode 3.2";
			developmentRegion = English;
			hasScannedForEncodings = 0;
			knownRegions = (
				en,
				Base,
			);
			mainGroup = 3E10E34B1B91EC1D00AA3F52;
			productRefGroup = 3E10E3551B91EC1D00AA3F52 /* Products */;
			projectDirPath = "";
			projectRoot = "";
			targets = (
				3E10E3531B91EC1D00AA3F52 /* Recipes */,
				3E10E36A1B91EC1D00AA3F52 /* RecipesTests */,
			);
		};
/* End PBXProject section */

/* Begin PBXResourcesBuildPhase section */
		3E10E3521B91EC1D00AA3F52 /* Resources */ = {
			isa = PBXResourcesBuildPhase;
			buildActionMask = 2147483647;
			files = (
				3E10E3651B91EC1D00AA3F52 /* LaunchScreen.storyboard in Resources */,
				3E10E3621B91EC1D00AA3F52 /* Assets.xcassets in Resources */,
				3EA8AE181BBA9B72005A4D68 /* thumbnail_recipe_Photo-2.jpeg in Resources */,
				3E10E35D1B91EC1D00AA3F52 /* Main.storyboard in Resources */,
				3E4F66571BAA9A8200EAE7FB /* chicken-biryani-recipe-photos-5.jpg in Resources */,
			);
			runOnlyForDeploymentPostprocessing = 0;
		};
		3E10E3691B91EC1D00AA3F52 /* Resources */ = {
			isa = PBXResourcesBuildPhase;
			buildActionMask = 2147483647;
			files = (
			);
			runOnlyForDeploymentPostprocessing = 0;
		};
/* End PBXResourcesBuildPhase section */

/* Begin PBXShellScriptBuildPhase section */
		11D816519F4AAFEC93998C97 /* Check Pods Manifest.lock */ = {
			isa = PBXShellScriptBuildPhase;
			buildActionMask = 2147483647;
			files = (
			);
			inputPaths = (
			);
			name = "Check Pods Manifest.lock";
			outputPaths = (
			);
			runOnlyForDeploymentPostprocessing = 0;
			shellPath = /bin/sh;
			shellScript = "diff \"${PODS_ROOT}/../Podfile.lock\" \"${PODS_ROOT}/Manifest.lock\" > /dev/null\nif [[ $? != 0 ]] ; then\n    cat << EOM\nerror: The sandbox is not in sync with the Podfile.lock. Run 'pod install' or update your CocoaPods installation.\nEOM\n    exit 1\nfi\n";
			showEnvVarsInLog = 0;
		};
		317EFE7B77BF482B41EDE750 /* Copy Pods Resources */ = {
			isa = PBXShellScriptBuildPhase;
			buildActionMask = 2147483647;
			files = (
			);
			inputPaths = (
			);
			name = "Copy Pods Resources";
			outputPaths = (
			);
			runOnlyForDeploymentPostprocessing = 0;
			shellPath = /bin/sh;
			shellScript = "\"${SRCROOT}/Pods/Target Support Files/Pods/Pods-resources.sh\"\n";
			showEnvVarsInLog = 0;
		};
		CBF5A7EA766C0ADCB3DC44EA /* Embed Pods Frameworks */ = {
			isa = PBXShellScriptBuildPhase;
			buildActionMask = 2147483647;
			files = (
			);
			inputPaths = (
			);
			name = "Embed Pods Frameworks";
			outputPaths = (
			);
			runOnlyForDeploymentPostprocessing = 0;
			shellPath = /bin/sh;
			shellScript = "\"${SRCROOT}/Pods/Target Support Files/Pods/Pods-frameworks.sh\"\n";
			showEnvVarsInLog = 0;
		};
/* End PBXShellScriptBuildPhase section */

/* Begin PBXSourcesBuildPhase section */
		3E10E3501B91EC1D00AA3F52 /* Sources */ = {
			isa = PBXSourcesBuildPhase;
			buildActionMask = 2147483647;
			files = (
				3E873E331BAAECA900DEC82F /* UINavigationBar+Helper.swift in Sources */,
				3EF9294D1BB366A600D19C34 /* Tombstone+CoreDataProperties.swift in Sources */,
				3E0208F51B9DDC0800672A32 /* RecipeViewModel.swift in Sources */,
				3EA8AE161BBA99A2005A4D68 /* RecipesListViewController.swift in Sources */,
				3EA8AE1F1BBAA080005A4D68 /* RecipesListViewController+UICollectionViewDelegate.swift in Sources */,
				3E3FCB011BA4B130001B38FD /* RecipeApiModel.swift in Sources */,
				3EA8AE1D1BBAA057005A4D68 /* RecipesListViewController+UICollectionViewDataSource.swift in Sources */,
				3E7D61801B9417F800A8386E /* RecipesSearchViewController.swift in Sources */,
				3EA8AE441BBBC630005A4D68 /* RecipesListViewController+UIScrollView.swift in Sources */,
				3E060D431B95988400C71B5F /* AppDefaults.swift in Sources */,
				3E10E3581B91EC1D00AA3F52 /* AppDelegate.swift in Sources */,
				3EF929491BB34BEB00D19C34 /* Tombstone.swift in Sources */,
				3E060D451B95DD0500C71B5F /* UIImage+Helper.swift in Sources */,
				3EA8AE1A1BBA9D52005A4D68 /* RecipeListCollectionViewCell.swift in Sources */,
				3E993C411BB95CA700065E85 /* NSManagedObjectContext+Helper.swift in Sources */,
				3E930A231BA1BC5900FF8B86 /* CoreDataStack.swift in Sources */,
				3EA9EDD21BBA664C00D388E1 /* SyncManager.swift in Sources */,
				3EA8AE141BBA74A7005A4D68 /* RecipeApi.swift in Sources */,
				3EF9294C1BB366A600D19C34 /* Recipe+CoreDataProperties.swift in Sources */,
				3EF929481BB34BEB00D19C34 /* Recipe.swift in Sources */,
				3E930A001BA1BC1800FF8B86 /* RecipesModel.xcdatamodeld in Sources */,
				3EA8AE461BBBCA1B005A4D68 /* UICollectionViewCellParallax.swift in Sources */,
			);
			runOnlyForDeploymentPostprocessing = 0;
		};
		3E10E3671B91EC1D00AA3F52 /* Sources */ = {
			isa = PBXSourcesBuildPhase;
			buildActionMask = 2147483647;
			files = (
				3E873E311BAAD7A600DEC82F /* RecipeApiTests.swift in Sources */,
			);
			runOnlyForDeploymentPostprocessing = 0;
		};
/* End PBXSourcesBuildPhase section */

/* Begin PBXTargetDependency section */
		3E10E36D1B91EC1D00AA3F52 /* PBXTargetDependency */ = {
			isa = PBXTargetDependency;
			target = 3E10E3531B91EC1D00AA3F52 /* Recipes */;
			targetProxy = 3E10E36C1B91EC1D00AA3F52 /* PBXContainerItemProxy */;
		};
/* End PBXTargetDependency section */

/* Begin PBXVariantGroup section */
		3E10E35B1B91EC1D00AA3F52 /* Main.storyboard */ = {
			isa = PBXVariantGroup;
			children = (
				3E10E35C1B91EC1D00AA3F52 /* Base */,
			);
			name = Main.storyboard;
			sourceTree = "<group>";
		};
		3E10E3631B91EC1D00AA3F52 /* LaunchScreen.storyboard */ = {
			isa = PBXVariantGroup;
			children = (
				3E10E3641B91EC1D00AA3F52 /* Base */,
			);
			name = LaunchScreen.storyboard;
			sourceTree = "<group>";
		};
/* End PBXVariantGroup section */

/* Begin XCBuildConfiguration section */
		3E10E3721B91EC1D00AA3F52 /* Debug */ = {
			isa = XCBuildConfiguration;
			buildSettings = {
				ALWAYS_SEARCH_USER_PATHS = NO;
				CLANG_CXX_LANGUAGE_STANDARD = "gnu++0x";
				CLANG_CXX_LIBRARY = "libc++";
				CLANG_ENABLE_MODULES = YES;
				CLANG_ENABLE_OBJC_ARC = YES;
				CLANG_WARN_BOOL_CONVERSION = YES;
				CLANG_WARN_CONSTANT_CONVERSION = YES;
				CLANG_WARN_DIRECT_OBJC_ISA_USAGE = YES_ERROR;
				CLANG_WARN_EMPTY_BODY = YES;
				CLANG_WARN_ENUM_CONVERSION = YES;
				CLANG_WARN_INT_CONVERSION = YES;
				CLANG_WARN_OBJC_ROOT_CLASS = YES_ERROR;
				CLANG_WARN_UNREACHABLE_CODE = YES;
				CLANG_WARN__DUPLICATE_METHOD_MATCH = YES;
				"CODE_SIGN_IDENTITY[sdk=iphoneos*]" = "iPhone Developer";
				COPY_PHASE_STRIP = NO;
				DEBUG_INFORMATION_FORMAT = dwarf;
				ENABLE_STRICT_OBJC_MSGSEND = YES;
				ENABLE_TESTABILITY = YES;
				GCC_C_LANGUAGE_STANDARD = gnu99;
				GCC_DYNAMIC_NO_PIC = NO;
				GCC_NO_COMMON_BLOCKS = YES;
				GCC_OPTIMIZATION_LEVEL = 0;
				GCC_PREPROCESSOR_DEFINITIONS = (
					"DEBUG=1",
					"$(inherited)",
				);
				GCC_WARN_64_TO_32_BIT_CONVERSION = YES;
				GCC_WARN_ABOUT_RETURN_TYPE = YES_ERROR;
				GCC_WARN_UNDECLARED_SELECTOR = YES;
				GCC_WARN_UNINITIALIZED_AUTOS = YES_AGGRESSIVE;
				GCC_WARN_UNUSED_FUNCTION = YES;
				GCC_WARN_UNUSED_VARIABLE = YES;
				IPHONEOS_DEPLOYMENT_TARGET = 9.0;
				MTL_ENABLE_DEBUG_INFO = YES;
				ONLY_ACTIVE_ARCH = YES;
				SDKROOT = iphoneos;
				SWIFT_OPTIMIZATION_LEVEL = "-Onone";
				TARGETED_DEVICE_FAMILY = "1,2";
			};
			name = Debug;
		};
		3E10E3731B91EC1D00AA3F52 /* Release */ = {
			isa = XCBuildConfiguration;
			buildSettings = {
				ALWAYS_SEARCH_USER_PATHS = NO;
				CLANG_CXX_LANGUAGE_STANDARD = "gnu++0x";
				CLANG_CXX_LIBRARY = "libc++";
				CLANG_ENABLE_MODULES = YES;
				CLANG_ENABLE_OBJC_ARC = YES;
				CLANG_WARN_BOOL_CONVERSION = YES;
				CLANG_WARN_CONSTANT_CONVERSION = YES;
				CLANG_WARN_DIRECT_OBJC_ISA_USAGE = YES_ERROR;
				CLANG_WARN_EMPTY_BODY = YES;
				CLANG_WARN_ENUM_CONVERSION = YES;
				CLANG_WARN_INT_CONVERSION = YES;
				CLANG_WARN_OBJC_ROOT_CLASS = YES_ERROR;
				CLANG_WARN_UNREACHABLE_CODE = YES;
				CLANG_WARN__DUPLICATE_METHOD_MATCH = YES;
				"CODE_SIGN_IDENTITY[sdk=iphoneos*]" = "iPhone Developer";
				COPY_PHASE_STRIP = NO;
				DEBUG_INFORMATION_FORMAT = "dwarf-with-dsym";
				ENABLE_NS_ASSERTIONS = NO;
				ENABLE_STRICT_OBJC_MSGSEND = YES;
				GCC_C_LANGUAGE_STANDARD = gnu99;
				GCC_NO_COMMON_BLOCKS = YES;
				GCC_WARN_64_TO_32_BIT_CONVERSION = YES;
				GCC_WARN_ABOUT_RETURN_TYPE = YES_ERROR;
				GCC_WARN_UNDECLARED_SELECTOR = YES;
				GCC_WARN_UNINITIALIZED_AUTOS = YES_AGGRESSIVE;
				GCC_WARN_UNUSED_FUNCTION = YES;
				GCC_WARN_UNUSED_VARIABLE = YES;
				IPHONEOS_DEPLOYMENT_TARGET = 9.0;
				MTL_ENABLE_DEBUG_INFO = NO;
				SDKROOT = iphoneos;
				TARGETED_DEVICE_FAMILY = "1,2";
				VALIDATE_PRODUCT = YES;
			};
			name = Release;
		};
		3E10E3751B91EC1D00AA3F52 /* Debug */ = {
			isa = XCBuildConfiguration;
			baseConfigurationReference = 9DA24E9828CD7D76E5011CAD /* Pods.debug.xcconfig */;
			buildSettings = {
				ASSETCATALOG_COMPILER_APPICON_NAME = AppIcon;
				CODE_SIGN_IDENTITY = "iPhone Developer";
				"CODE_SIGN_IDENTITY[sdk=iphoneos*]" = "iPhone Developer";
				INFOPLIST_FILE = Recipes/Info.plist;
				IPHONEOS_DEPLOYMENT_TARGET = 9.0;
				LD_RUNPATH_SEARCH_PATHS = "$(inherited) @executable_path/Frameworks";
				LIBRARY_SEARCH_PATHS = (
					"$(inherited)",
					"$(PROJECT_DIR)/build/Debug-iphoneos",
				);
				PRODUCT_BUNDLE_IDENTIFIER = com.hyper.Recipes;
				PRODUCT_NAME = "$(TARGET_NAME)";
				PROVISIONING_PROFILE = "";
				SWIFT_OBJC_BRIDGING_HEADER = "Recipes/Recipes-Bridging-Header.h";
				TARGETED_DEVICE_FAMILY = "1,2";
			};
			name = Debug;
		};
		3E10E3761B91EC1D00AA3F52 /* Release */ = {
			isa = XCBuildConfiguration;
			baseConfigurationReference = 366B3D9315F80C1611DA3621 /* Pods.release.xcconfig */;
			buildSettings = {
				ASSETCATALOG_COMPILER_APPICON_NAME = AppIcon;
				CODE_SIGN_IDENTITY = "iPhone Developer";
				"CODE_SIGN_IDENTITY[sdk=iphoneos*]" = "iPhone Developer";
				INFOPLIST_FILE = Recipes/Info.plist;
				IPHONEOS_DEPLOYMENT_TARGET = 9.0;
				LD_RUNPATH_SEARCH_PATHS = "$(inherited) @executable_path/Frameworks";
				LIBRARY_SEARCH_PATHS = (
					"$(inherited)",
					"$(PROJECT_DIR)/build/Debug-iphoneos",
				);
				PRODUCT_BUNDLE_IDENTIFIER = com.hyper.Recipes;
				PRODUCT_NAME = "$(TARGET_NAME)";
				PROVISIONING_PROFILE = "";
				SWIFT_OBJC_BRIDGING_HEADER = "Recipes/Recipes-Bridging-Header.h";
				TARGETED_DEVICE_FAMILY = "1,2";
			};
			name = Release;
		};
		3E10E3781B91EC1D00AA3F52 /* Debug */ = {
			isa = XCBuildConfiguration;
			buildSettings = {
				BUNDLE_LOADER = "$(TEST_HOST)";
				INFOPLIST_FILE = RecipesTests/Info.plist;
				LD_RUNPATH_SEARCH_PATHS = "$(inherited) @executable_path/Frameworks @loader_path/Frameworks";
				PRODUCT_BUNDLE_IDENTIFIER = com.hyper.RecipesTests;
				PRODUCT_NAME = "$(TARGET_NAME)";
				TEST_HOST = "$(BUILT_PRODUCTS_DIR)/Recipes.app/Recipes";
			};
			name = Debug;
		};
		3E10E3791B91EC1D00AA3F52 /* Release */ = {
			isa = XCBuildConfiguration;
			buildSettings = {
				BUNDLE_LOADER = "$(TEST_HOST)";
				INFOPLIST_FILE = RecipesTests/Info.plist;
				LD_RUNPATH_SEARCH_PATHS = "$(inherited) @executable_path/Frameworks @loader_path/Frameworks";
				PRODUCT_BUNDLE_IDENTIFIER = com.hyper.RecipesTests;
				PRODUCT_NAME = "$(TARGET_NAME)";
				TEST_HOST = "$(BUILT_PRODUCTS_DIR)/Recipes.app/Recipes";
			};
			name = Release;
		};
/* End XCBuildConfiguration section */

/* Begin XCConfigurationList section */
		3E10E34F1B91EC1D00AA3F52 /* Build configuration list for PBXProject "Recipes" */ = {
			isa = XCConfigurationList;
			buildConfigurations = (
				3E10E3721B91EC1D00AA3F52 /* Debug */,
				3E10E3731B91EC1D00AA3F52 /* Release */,
			);
			defaultConfigurationIsVisible = 0;
			defaultConfigurationName = Release;
		};
		3E10E3741B91EC1D00AA3F52 /* Build configuration list for PBXNativeTarget "Recipes" */ = {
			isa = XCConfigurationList;
			buildConfigurations = (
				3E10E3751B91EC1D00AA3F52 /* Debug */,
				3E10E3761B91EC1D00AA3F52 /* Release */,
			);
			defaultConfigurationIsVisible = 0;
			defaultConfigurationName = Release;
		};
		3E10E3771B91EC1D00AA3F52 /* Build configuration list for PBXNativeTarget "RecipesTests" */ = {
			isa = XCConfigurationList;
			buildConfigurations = (
				3E10E3781B91EC1D00AA3F52 /* Debug */,
				3E10E3791B91EC1D00AA3F52 /* Release */,
			);
			defaultConfigurationIsVisible = 0;
			defaultConfigurationName = Release;
		};
/* End XCConfigurationList section */

/* Begin XCVersionGroup section */
		3E9309FE1BA1BC1800FF8B86 /* RecipesModel.xcdatamodeld */ = {
			isa = XCVersionGroup;
			children = (
				3E9309FF1BA1BC1800FF8B86 /* RecipesModel.xcdatamodel */,
			);
			currentVersion = 3E9309FF1BA1BC1800FF8B86 /* RecipesModel.xcdatamodel */;
			path = RecipesModel.xcdatamodeld;
			sourceTree = "<group>";
			versionGroupType = wrapper.xcdatamodel;
		};
/* End XCVersionGroup section */
	};
	rootObject = 3E10E34C1B91EC1D00AA3F52 /* Project object */;
}
